
Microsoft Visual Studio Solution File, Format Version 12.00
# Visual Studio Version 17
VisualStudioVersion = 17.14.37027.9 d17.14
MinimumVisualStudioVersion = 10.0.40219.1
Project("{FAE04EC0-301F-11D3-BF4B-00C04F79EFBC}") = "Problem8-Find All Elements Not in a Range", "Problem8-Find All Elements Not in a Range.csproj", "{E7D53A2F-FF61-4732-8300-16C46DDA9820}"
EndProject
Global
	GlobalSection(SolutionConfigurationPlatforms) = preSolution
		Debug|Any CPU = Debug|Any CPU
		Release|Any CPU = Release|Any CPU
	EndGlobalSection
	GlobalSection(ProjectConfigurationPlatforms) = postSolution
		{E7D53A2F-FF61-4732-8300-16C46DDA9820}.Debug|Any CPU.ActiveCfg = Debug|Any CPU
		{E7D53A2F-FF61-4732-8300-16C46DDA9820}.Debug|Any CPU.Build.0 = Debug|Any CPU
		{E7D53A2F-FF61-4732-8300-16C46DDA9820}.Release|Any CPU.ActiveCfg = Release|Any CPU
		{E7D53A2F-FF61-4732-8300-16C46DDA9820}.Release|Any CPU.Build.0 = Release|Any CPU
	EndGlobalSection
	GlobalSection(SolutionProperties) = preSolution
		HideSolutionNode = FALSE
	EndGlobalSection
	GlobalSection(ExtensibilityGlobals) = postSolution
		SolutionGuid = {4F5BDD54-3828-457D-8A73-C8F407D13D45}
	EndGlobalSection
EndGlobal
