
Microsoft Visual Studio Solution File, Format Version 12.00
# Visual Studio Version 17
VisualStudioVersion = 17.14.37027.9 d17.14
MinimumVisualStudioVersion = 10.0.40219.1
Project("{FAE04EC0-301F-11D3-BF4B-00C04F79EFBC}") = "GreedyAlgorithms", "GreedyAlgorithms.csproj", "{0F794722-04B3-4E48-BB39-475C3EED9E42}"
EndProject
Global
	GlobalSection(SolutionConfigurationPlatforms) = preSolution
		Debug|Any CPU = Debug|Any CPU
		Release|Any CPU = Release|Any CPU
	EndGlobalSection
	GlobalSection(ProjectConfigurationPlatforms) = postSolution
		{0F794722-04B3-4E48-BB39-475C3EED9E42}.Debug|Any CPU.ActiveCfg = Debug|Any CPU
		{0F794722-04B3-4E48-BB39-475C3EED9E42}.Debug|Any CPU.Build.0 = Debug|Any CPU
		{0F794722-04B3-4E48-BB39-475C3EED9E42}.Release|Any CPU.ActiveCfg = Release|Any CPU
		{0F794722-04B3-4E48-BB39-475C3EED9E42}.Release|Any CPU.Build.0 = Release|Any CPU
	EndGlobalSection
	GlobalSection(SolutionProperties) = preSolution
		HideSolutionNode = FALSE
	EndGlobalSection
	GlobalSection(ExtensibilityGlobals) = postSolution
		SolutionGuid = {DB93B66F-B066-4A9D-92FD-9C414FBF7C05}
	EndGlobalSection
EndGlobal
