
Microsoft Visual Studio Solution File, Format Version 12.00
# Visual Studio Version 17
VisualStudioVersion = 17.14.37027.9 d17.14
MinimumVisualStudioVersion = 10.0.40219.1
Project("{FAE04EC0-301F-11D3-BF4B-00C04F79EFBC}") = "Problem3-Union of Two SortedSets", "Problem3-Union of Two SortedSets.csproj", "{97A4EC99-512D-4597-91F7-3CB730DAC657}"
EndProject
Global
	GlobalSection(SolutionConfigurationPlatforms) = preSolution
		Debug|Any CPU = Debug|Any CPU
		Release|Any CPU = Release|Any CPU
	EndGlobalSection
	GlobalSection(ProjectConfigurationPlatforms) = postSolution
		{97A4EC99-512D-4597-91F7-3CB730DAC657}.Debug|Any CPU.ActiveCfg = Debug|Any CPU
		{97A4EC99-512D-4597-91F7-3CB730DAC657}.Debug|Any CPU.Build.0 = Debug|Any CPU
		{97A4EC99-512D-4597-91F7-3CB730DAC657}.Release|Any CPU.ActiveCfg = Release|Any CPU
		{97A4EC99-512D-4597-91F7-3CB730DAC657}.Release|Any CPU.Build.0 = Release|Any CPU
	EndGlobalSection
	GlobalSection(SolutionProperties) = preSolution
		HideSolutionNode = FALSE
	EndGlobalSection
	GlobalSection(ExtensibilityGlobals) = postSolution
		SolutionGuid = {67AB252F-886F-4761-98A3-38A1633615E3}
	EndGlobalSection
EndGlobal
