
Microsoft Visual Studio Solution File, Format Version 12.00
# Visual Studio Version 17
VisualStudioVersion = 17.14.37027.9 d17.14
MinimumVisualStudioVersion = 10.0.40219.1
Project("{FAE04EC0-301F-11D3-BF4B-00C04F79EFBC}") = "Problem3-Real-Time Stock Prices", "Problem3-Real-Time Stock Prices.csproj", "{FE464D90-A2D0-4BC2-BCCB-DCC17F02748F}"
EndProject
Global
	GlobalSection(SolutionConfigurationPlatforms) = preSolution
		Debug|Any CPU = Debug|Any CPU
		Release|Any CPU = Release|Any CPU
	EndGlobalSection
	GlobalSection(ProjectConfigurationPlatforms) = postSolution
		{FE464D90-A2D0-4BC2-BCCB-DCC17F02748F}.Debug|Any CPU.ActiveCfg = Debug|Any CPU
		{FE464D90-A2D0-4BC2-BCCB-DCC17F02748F}.Debug|Any CPU.Build.0 = Debug|Any CPU
		{FE464D90-A2D0-4BC2-BCCB-DCC17F02748F}.Release|Any CPU.ActiveCfg = Release|Any CPU
		{FE464D90-A2D0-4BC2-BCCB-DCC17F02748F}.Release|Any CPU.Build.0 = Release|Any CPU
	EndGlobalSection
	GlobalSection(SolutionProperties) = preSolution
		HideSolutionNode = FALSE
	EndGlobalSection
	GlobalSection(ExtensibilityGlobals) = postSolution
		SolutionGuid = {BA687073-F553-4600-B994-70883D1D5D7D}
	EndGlobalSection
EndGlobal
