
Microsoft Visual Studio Solution File, Format Version 12.00
# Visual Studio Version 17
VisualStudioVersion = 17.14.37027.9 d17.14
MinimumVisualStudioVersion = 10.0.40219.1
Project("{FAE04EC0-301F-11D3-BF4B-00C04F79EFBC}") = "Hash Table  SortedList  SortedSet Problems", "Hash Table  SortedList  SortedSet Problems.csproj", "{EB62AE6B-6CB4-4921-ADDA-817BA96DC7EE}"
EndProject
Global
	GlobalSection(SolutionConfigurationPlatforms) = preSolution
		Debug|Any CPU = Debug|Any CPU
		Release|Any CPU = Release|Any CPU
	EndGlobalSection
	GlobalSection(ProjectConfigurationPlatforms) = postSolution
		{EB62AE6B-6CB4-4921-ADDA-817BA96DC7EE}.Debug|Any CPU.ActiveCfg = Debug|Any CPU
		{EB62AE6B-6CB4-4921-ADDA-817BA96DC7EE}.Debug|Any CPU.Build.0 = Debug|Any CPU
		{EB62AE6B-6CB4-4921-ADDA-817BA96DC7EE}.Release|Any CPU.ActiveCfg = Release|Any CPU
		{EB62AE6B-6CB4-4921-ADDA-817BA96DC7EE}.Release|Any CPU.Build.0 = Release|Any CPU
	EndGlobalSection
	GlobalSection(SolutionProperties) = preSolution
		HideSolutionNode = FALSE
	EndGlobalSection
	GlobalSection(ExtensibilityGlobals) = postSolution
		SolutionGuid = {C62973C5-D9AB-44F2-AC64-4130C56C08E0}
	EndGlobalSection
EndGlobal
