
Microsoft Visual Studio Solution File, Format Version 12.00
# Visual Studio Version 17
VisualStudioVersion = 17.14.37027.9 d17.14
MinimumVisualStudioVersion = 10.0.40219.1
Project("{FAE04EC0-301F-11D3-BF4B-00C04F79EFBC}") = "Dictionary-HashsetProblems", "Dictionary-HashsetProblems.csproj", "{EFC5387B-04C4-45CC-ACA6-777C3DE77D02}"
EndProject
Global
	GlobalSection(SolutionConfigurationPlatforms) = preSolution
		Debug|Any CPU = Debug|Any CPU
		Release|Any CPU = Release|Any CPU
	EndGlobalSection
	GlobalSection(ProjectConfigurationPlatforms) = postSolution
		{EFC5387B-04C4-45CC-ACA6-777C3DE77D02}.Debug|Any CPU.ActiveCfg = Debug|Any CPU
		{EFC5387B-04C4-45CC-ACA6-777C3DE77D02}.Debug|Any CPU.Build.0 = Debug|Any CPU
		{EFC5387B-04C4-45CC-ACA6-777C3DE77D02}.Release|Any CPU.ActiveCfg = Release|Any CPU
		{EFC5387B-04C4-45CC-ACA6-777C3DE77D02}.Release|Any CPU.Build.0 = Release|Any CPU
	EndGlobalSection
	GlobalSection(SolutionProperties) = preSolution
		HideSolutionNode = FALSE
	EndGlobalSection
	GlobalSection(ExtensibilityGlobals) = postSolution
		SolutionGuid = {D4CA64AF-6168-4A8A-A8EC-0D754640E64D}
	EndGlobalSection
EndGlobal
