
Microsoft Visual Studio Solution File, Format Version 12.00
# Visual Studio Version 17
VisualStudioVersion = 17.14.37027.9 d17.14
MinimumVisualStudioVersion = 10.0.40219.1
Project("{FAE04EC0-301F-11D3-BF4B-00C04F79EFBC}") = "Problem2-Find Smallest and Largest Element", "Problem2-Find Smallest and Largest Element.csproj", "{B43740DD-4550-4D2D-B66D-E381A5933AE8}"
EndProject
Global
	GlobalSection(SolutionConfigurationPlatforms) = preSolution
		Debug|Any CPU = Debug|Any CPU
		Release|Any CPU = Release|Any CPU
	EndGlobalSection
	GlobalSection(ProjectConfigurationPlatforms) = postSolution
		{B43740DD-4550-4D2D-B66D-E381A5933AE8}.Debug|Any CPU.ActiveCfg = Debug|Any CPU
		{B43740DD-4550-4D2D-B66D-E381A5933AE8}.Debug|Any CPU.Build.0 = Debug|Any CPU
		{B43740DD-4550-4D2D-B66D-E381A5933AE8}.Release|Any CPU.ActiveCfg = Release|Any CPU
		{B43740DD-4550-4D2D-B66D-E381A5933AE8}.Release|Any CPU.Build.0 = Release|Any CPU
	EndGlobalSection
	GlobalSection(SolutionProperties) = preSolution
		HideSolutionNode = FALSE
	EndGlobalSection
	GlobalSection(ExtensibilityGlobals) = postSolution
		SolutionGuid = {FCF329E5-9129-4A3A-8925-4540D2ECF48D}
	EndGlobalSection
EndGlobal
