
Microsoft Visual Studio Solution File, Format Version 12.00
# Visual Studio Version 17
VisualStudioVersion = 17.14.37027.9 d17.14
MinimumVisualStudioVersion = 10.0.40219.1
Project("{FAE04EC0-301F-11D3-BF4B-00C04F79EFBC}") = "QueueStackProblems", "QueueStackProblems.csproj", "{7486F262-5E16-4CDE-8795-11CED4F45EE9}"
EndProject
Global
	GlobalSection(SolutionConfigurationPlatforms) = preSolution
		Debug|Any CPU = Debug|Any CPU
		Release|Any CPU = Release|Any CPU
	EndGlobalSection
	GlobalSection(ProjectConfigurationPlatforms) = postSolution
		{7486F262-5E16-4CDE-8795-11CED4F45EE9}.Debug|Any CPU.ActiveCfg = Debug|Any CPU
		{7486F262-5E16-4CDE-8795-11CED4F45EE9}.Debug|Any CPU.Build.0 = Debug|Any CPU
		{7486F262-5E16-4CDE-8795-11CED4F45EE9}.Release|Any CPU.ActiveCfg = Release|Any CPU
		{7486F262-5E16-4CDE-8795-11CED4F45EE9}.Release|Any CPU.Build.0 = Release|Any CPU
	EndGlobalSection
	GlobalSection(SolutionProperties) = preSolution
		HideSolutionNode = FALSE
	EndGlobalSection
	GlobalSection(ExtensibilityGlobals) = postSolution
		SolutionGuid = {BBEEC66F-5ACA-4AE8-BE1D-17B8E82FD6CA}
	EndGlobalSection
EndGlobal
