
Microsoft Visual Studio Solution File, Format Version 12.00
# Visual Studio Version 17
VisualStudioVersion = 17.14.37027.9 d17.14
MinimumVisualStudioVersion = 10.0.40219.1
Project("{FAE04EC0-301F-11D3-BF4B-00C04F79EFBC}") = "Problem6-Count Elements Greater Than a Value", "Problem6-Count Elements Greater Than a Value.csproj", "{D6BD5738-E90D-4BED-AED1-8C8F4DBAFB75}"
EndProject
Global
	GlobalSection(SolutionConfigurationPlatforms) = preSolution
		Debug|Any CPU = Debug|Any CPU
		Release|Any CPU = Release|Any CPU
	EndGlobalSection
	GlobalSection(ProjectConfigurationPlatforms) = postSolution
		{D6BD5738-E90D-4BED-AED1-8C8F4DBAFB75}.Debug|Any CPU.ActiveCfg = Debug|Any CPU
		{D6BD5738-E90D-4BED-AED1-8C8F4DBAFB75}.Debug|Any CPU.Build.0 = Debug|Any CPU
		{D6BD5738-E90D-4BED-AED1-8C8F4DBAFB75}.Release|Any CPU.ActiveCfg = Release|Any CPU
		{D6BD5738-E90D-4BED-AED1-8C8F4DBAFB75}.Release|Any CPU.Build.0 = Release|Any CPU
	EndGlobalSection
	GlobalSection(SolutionProperties) = preSolution
		HideSolutionNode = FALSE
	EndGlobalSection
	GlobalSection(ExtensibilityGlobals) = postSolution
		SolutionGuid = {14137C8C-67F5-4FAD-9CE7-B6C0E89EA62E}
	EndGlobalSection
EndGlobal
