
Microsoft Visual Studio Solution File, Format Version 12.00
# Visual Studio Version 17
VisualStudioVersion = 17.14.37027.9 d17.14
MinimumVisualStudioVersion = 10.0.40219.1
Project("{FAE04EC0-301F-11D3-BF4B-00C04F79EFBC}") = "Dijksta'sAlgorithmAdjacencyList", "Dijksta'sAlgorithmAdjacencyList.csproj", "{2B18F5D0-C91E-4972-9E0C-7BF4678F5CA0}"
EndProject
Global
	GlobalSection(SolutionConfigurationPlatforms) = preSolution
		Debug|Any CPU = Debug|Any CPU
		Release|Any CPU = Release|Any CPU
	EndGlobalSection
	GlobalSection(ProjectConfigurationPlatforms) = postSolution
		{2B18F5D0-C91E-4972-9E0C-7BF4678F5CA0}.Debug|Any CPU.ActiveCfg = Debug|Any CPU
		{2B18F5D0-C91E-4972-9E0C-7BF4678F5CA0}.Debug|Any CPU.Build.0 = Debug|Any CPU
		{2B18F5D0-C91E-4972-9E0C-7BF4678F5CA0}.Release|Any CPU.ActiveCfg = Release|Any CPU
		{2B18F5D0-C91E-4972-9E0C-7BF4678F5CA0}.Release|Any CPU.Build.0 = Release|Any CPU
	EndGlobalSection
	GlobalSection(SolutionProperties) = preSolution
		HideSolutionNode = FALSE
	EndGlobalSection
	GlobalSection(ExtensibilityGlobals) = postSolution
		SolutionGuid = {4B13A79D-991C-4C13-ADD6-8EC6A40AA06B}
	EndGlobalSection
EndGlobal
