
Microsoft Visual Studio Solution File, Format Version 12.00
# Visual Studio Version 17
VisualStudioVersion = 17.14.37027.9 d17.14
MinimumVisualStudioVersion = 10.0.40219.1
Project("{FAE04EC0-301F-11D3-BF4B-00C04F79EFBC}") = "Problem2-Shopping Cart for an E-commerce App", "Problem2-Shopping Cart for an E-commerce App.csproj", "{0FA7613E-04D0-4E0D-B663-29A26261F3B9}"
EndProject
Global
	GlobalSection(SolutionConfigurationPlatforms) = preSolution
		Debug|Any CPU = Debug|Any CPU
		Release|Any CPU = Release|Any CPU
	EndGlobalSection
	GlobalSection(ProjectConfigurationPlatforms) = postSolution
		{0FA7613E-04D0-4E0D-B663-29A26261F3B9}.Debug|Any CPU.ActiveCfg = Debug|Any CPU
		{0FA7613E-04D0-4E0D-B663-29A26261F3B9}.Debug|Any CPU.Build.0 = Debug|Any CPU
		{0FA7613E-04D0-4E0D-B663-29A26261F3B9}.Release|Any CPU.ActiveCfg = Release|Any CPU
		{0FA7613E-04D0-4E0D-B663-29A26261F3B9}.Release|Any CPU.Build.0 = Release|Any CPU
	EndGlobalSection
	GlobalSection(SolutionProperties) = preSolution
		HideSolutionNode = FALSE
	EndGlobalSection
	GlobalSection(ExtensibilityGlobals) = postSolution
		SolutionGuid = {CAF373FF-FC3D-4994-B977-BFBA8D7BD1A5}
	EndGlobalSection
EndGlobal
